{
  "name": "sample-website-ig",
  "version": "1.0.0",
  "lockfileVersion": 3,
  "requires": true,
  "packages": {
    "": {
      "name": "sample-website-ig",
      "version": "1.0.0",
      "dependencies": {
        "@emailjs/nodejs": "^5.0.2",
        "dotenv": "^16.0.3",
        "nodemailer": "^6.9.8"
      },
      "engines": {
        "node": ">=14.0.0"
      }
    },
    "node_modules/@emailjs/nodejs": {
      "version": "5.0.2",
      "resolved": "https://registry.npmjs.org/@emailjs/nodejs/-/nodejs-5.0.2.tgz",
      "integrity": "sha512-+BrO5rF0msaoEeSKxoa64weUkczd3fTXRCB8/EnKaIRzC8B1EyLDZfr9vYK5TNG/U3Eco9cpjMNnA1IlUBkmOw==",
      "engines": {
        "node": ">=18.0.0"
      }
    },
    "node_modules/dotenv": {
      "version": "16.6.1",
      "resolved": "https://registry.npmjs.org/dotenv/-/dotenv-16.6.1.tgz",
      "integrity": "sha512-uBq4egWHTcTt33a72vpSG0z3HnPuIl6NqYcTrKEg2azoEyl2hpW0zqlxysq2pK9HlDIHyHyakeYaYnSAwd8bow==",
      "engines": {
        "node": ">=12"
      },
      "funding": {
        "url": "https://dotenvx.com"
      }
    },
    "node_modules/nodemailer": {
      "version": "6.10.1",
      "resolved": "https://registry.npmjs.org/nodemailer/-/nodemailer-6.10.1.tgz",
      "integrity": "sha512-Z+iLaBGVaSjbIzQ4pX6XV41HrooLsQ10ZWPUehGmuantvzWoDVBnmsdUcOIDM1t+yPor5pDhVlDESgOMEGxhHA==",
      "engines": {
        "node": ">=6.0.0"
      }
    }
  }
}
